
Microsoft Visual Studio Solution File, Format Version 12.00
# Visual Studio Version 16
VisualStudioVersion = 16.0.29102.190
MinimumVisualStudioVersion = 10.0.40219.1
Project("{FAE04EC0-301F-11D3-BF4B-00C04F79EFBC}") = "Vending Machine", "Vending Machine\Vending Machine.csproj", "{08D8FE63-AAFD-4BA0-83D2-ADAF5CD05F22}"
EndProject
Global
	GlobalSection(SolutionConfigurationPlatforms) = preSolution
		Debug|Any CPU = Debug|Any CPU
		Release|Any CPU = Release|Any CPU
	EndGlobalSection
	GlobalSection(ProjectConfigurationPlatforms) = postSolution
		{08D8FE63-AAFD-4BA0-83D2-ADAF5CD05F22}.Debug|Any CPU.ActiveCfg = Debug|Any CPU
		{08D8FE63-AAFD-4BA0-83D2-ADAF5CD05F22}.Debug|Any CPU.Build.0 = Debug|Any CPU
		{08D8FE63-AAFD-4BA0-83D2-ADAF5CD05F22}.Release|Any CPU.ActiveCfg = Release|Any CPU
		{08D8FE63-AAFD-4BA0-83D2-ADAF5CD05F22}.Release|Any CPU.Build.0 = Release|Any CPU
	EndGlobalSection
	GlobalSection(SolutionProperties) = preSolution
		HideSolutionNode = FALSE
	EndGlobalSection
	GlobalSection(ExtensibilityGlobals) = postSolution
		SolutionGuid = {67C3F90E-87CD-42BC-A114-8D9D587DB9EA}
	EndGlobalSection
EndGlobal
